// !$*UTF8*$!
{
	archiveVersion = 1;
	classes = {
	};
	objectVersion = 50;
	objects = {

/* Begin PBXBuildFile section */
		383109952481493100333D43 /* AppDelegate.swift in Sources */ = {isa = PBXBuildFile; fileRef = 383109942481493100333D43 /* AppDelegate.swift */; };
		383109972481493100333D43 /* SceneDelegate.swift in Sources */ = {isa = PBXBuildFile; fileRef = 383109962481493100333D43 /* SceneDelegate.swift */; };
		383109992481493100333D43 /* ViewController.swift in Sources */ = {isa = PBXBuildFile; fileRef = 383109982481493100333D43 /* ViewController.swift */; };
		3831099C2481493100333D43 /* Main.storyboard in Resources */ = {isa = PBXBuildFile; fileRef = 3831099A2481493100333D43 /* Main.storyboard */; };
		3831099E2481493200333D43 /* Assets.xcassets in Resources */ = {isa = PBXBuildFile; fileRef = 3831099D2481493200333D43 /* Assets.xcassets */; };
		383109A12481493200333D43 /* LaunchScreen.storyboard in Resources */ = {isa = PBXBuildFile; fileRef = 3831099F2481493200333D43 /* LaunchScreen.storyboard */; };
		383109A9248149CF00333D43 /* Article.swift in Sources */ = {isa = PBXBuildFile; fileRef = 383109A8248149CF00333D43 /* Article.swift */; };
		383109AB24814AA600333D43 /* Source.swift in Sources */ = {isa = PBXBuildFile; fileRef = 383109AA24814AA600333D43 /* Source.swift */; };
		383109AD24814CCF00333D43 /* NetworkLayer.swift in Sources */ = {isa = PBXBuildFile; fileRef = 383109AC24814CCF00333D43 /* NetworkLayer.swift */; };
		383109AF24814E9A00333D43 /* Response.swift in Sources */ = {isa = PBXBuildFile; fileRef = 383109AE24814E9A00333D43 /* Response.swift */; };
		383109B22481530F00333D43 /* ListViewController.swift in Sources */ = {isa = PBXBuildFile; fileRef = 383109B02481530F00333D43 /* ListViewController.swift */; };
		383109B32481530F00333D43 /* ListViewController.xib in Resources */ = {isa = PBXBuildFile; fileRef = 383109B12481530F00333D43 /* ListViewController.xib */; };
		383109B62481551000333D43 /* ListTableViewCell.swift in Sources */ = {isa = PBXBuildFile; fileRef = 383109B42481551000333D43 /* ListTableViewCell.swift */; };
		383109B72481551000333D43 /* ListTableViewCell.xib in Resources */ = {isa = PBXBuildFile; fileRef = 383109B52481551000333D43 /* ListTableViewCell.xib */; };
		383109EE248171EC00333D43 /* HeaderTableViewCell.swift in Sources */ = {isa = PBXBuildFile; fileRef = 383109EC248171EC00333D43 /* HeaderTableViewCell.swift */; };
		383109EF248171EC00333D43 /* HeaderTableViewCell.xib in Resources */ = {isa = PBXBuildFile; fileRef = 383109ED248171EC00333D43 /* HeaderTableViewCell.xib */; };
		EA8C8ECF21E6204B71A34F98 /* Pods_NewsApp.framework in Frameworks */ = {isa = PBXBuildFile; fileRef = D3F592B8B0AD54B0470D9580 /* Pods_NewsApp.framework */; };
/* End PBXBuildFile section */

/* Begin PBXFileReference section */
		383109912481493100333D43 /* NewsApp.app */ = {isa = PBXFileReference; explicitFileType = wrapper.application; includeInIndex = 0; path = NewsApp.app; sourceTree = BUILT_PRODUCTS_DIR; };
		383109942481493100333D43 /* AppDelegate.swift */ = {isa = PBXFileReference; lastKnownFileType = sourcecode.swift; path = AppDelegate.swift; sourceTree = "<group>"; };
		383109962481493100333D43 /* SceneDelegate.swift */ = {isa = PBXFileReference; lastKnownFileType = sourcecode.swift; path = SceneDelegate.swift; sourceTree = "<group>"; };
		383109982481493100333D43 /* ViewController.swift */ = {isa = PBXFileReference; lastKnownFileType = sourcecode.swift; path = ViewController.swift; sourceTree = "<group>"; };
		3831099B2481493100333D43 /* Base */ = {isa = PBXFileReference; lastKnownFileType = file.storyboard; name = Base; path = Base.lproj/Main.storyboard; sourceTree = "<group>"; };
		3831099D2481493200333D43 /* Assets.xcassets */ = {isa = PBXFileReference; lastKnownFileType = folder.assetcatalog; path = Assets.xcassets; sourceTree = "<group>"; };
		383109A02481493200333D43 /* Base */ = {isa = PBXFileReference; lastKnownFileType = file.storyboard; name = Base; path = Base.lproj/LaunchScreen.storyboard; sourceTree = "<group>"; };
		383109A22481493200333D43 /* Info.plist */ = {isa = PBXFileReference; lastKnownFileType = text.plist.xml; path = Info.plist; sourceTree = "<group>"; };
		383109A8248149CF00333D43 /* Article.swift */ = {isa = PBXFileReference; lastKnownFileType = sourcecode.swift; path = Article.swift; sourceTree = "<group>"; };
		383109AA24814AA600333D43 /* Source.swift */ = {isa = PBXFileReference; lastKnownFileType = sourcecode.swift; path = Source.swift; sourceTree = "<group>"; };
		383109AC24814CCF00333D43 /* NetworkLayer.swift */ = {isa = PBXFileReference; lastKnownFileType = sourcecode.swift; path = NetworkLayer.swift; sourceTree = "<group>"; };
		383109AE24814E9A00333D43 /* Response.swift */ = {isa = PBXFileReference; lastKnownFileType = sourcecode.swift; path = Response.swift; sourceTree = "<group>"; };
		383109B02481530F00333D43 /* ListViewController.swift */ = {isa = PBXFileReference; lastKnownFileType = sourcecode.swift; path = ListViewController.swift; sourceTree = "<group>"; };
		383109B12481530F00333D43 /* ListViewController.xib */ = {isa = PBXFileReference; lastKnownFileType = file.xib; path = ListViewController.xib; sourceTree = "<group>"; };
		383109B42481551000333D43 /* ListTableViewCell.swift */ = {isa = PBXFileReference; lastKnownFileType = sourcecode.swift; path = ListTableViewCell.swift; sourceTree = "<group>"; };
		383109B52481551000333D43 /* ListTableViewCell.xib */ = {isa = PBXFileReference; lastKnownFileType = file.xib; path = ListTableViewCell.xib; sourceTree = "<group>"; };
		383109EC248171EC00333D43 /* HeaderTableViewCell.swift */ = {isa = PBXFileReference; lastKnownFileType = sourcecode.swift; path = HeaderTableViewCell.swift; sourceTree = "<group>"; };
		383109ED248171EC00333D43 /* HeaderTableViewCell.xib */ = {isa = PBXFileReference; lastKnownFileType = file.xib; path = HeaderTableViewCell.xib; sourceTree = "<group>"; };
		5CDBF439C0B23C492F2D58C7 /* Pods-NewsApp.release.xcconfig */ = {isa = PBXFileReference; includeInIndex = 1; lastKnownFileType = text.xcconfig; name = "Pods-NewsApp.release.xcconfig"; path = "Target Support Files/Pods-NewsApp/Pods-NewsApp.release.xcconfig"; sourceTree = "<group>"; };
		73E77CD3591B40F773B184E9 /* Pods-NewsApp.debug.xcconfig */ = {isa = PBXFileReference; includeInIndex = 1; lastKnownFileType = text.xcconfig; name = "Pods-NewsApp.debug.xcconfig"; path = "Target Support Files/Pods-NewsApp/Pods-NewsApp.debug.xcconfig"; sourceTree = "<group>"; };
		D3F592B8B0AD54B0470D9580 /* Pods_NewsApp.framework */ = {isa = PBXFileReference; explicitFileType = wrapper.framework; includeInIndex = 0; path = Pods_NewsApp.framework; sourceTree = BUILT_PRODUCTS_DIR; };
/* End PBXFileReference section */

/* Begin PBXFrameworksBuildPhase section */
		3831098E2481493100333D43 /* Frameworks */ = {
			isa = PBXFrameworksBuildPhase;
			buildActionMask = 2147483647;
			files = (
				EA8C8ECF21E6204B71A34F98 /* Pods_NewsApp.framework in Frameworks */,
			);
			runOnlyForDeploymentPostprocessing = 0;
		};
/* End PBXFrameworksBuildPhase section */

/* Begin PBXGroup section */
		383109882481493100333D43 = {
			isa = PBXGroup;
			children = (
				383109932481493100333D43 /* NewsApp */,
				383109922481493100333D43 /* Products */,
				62D1601648099C01A9874B41 /* Pods */,
				DCDD3F679495396A83398E1A /* Frameworks */,
			);
			sourceTree = "<group>";
		};
		383109922481493100333D43 /* Products */ = {
			isa = PBXGroup;
			children = (
				383109912481493100333D43 /* NewsApp.app */,
			);
			name = Products;
			sourceTree = "<group>";
		};
		383109932481493100333D43 /* NewsApp */ = {
			isa = PBXGroup;
			children = (
				383109942481493100333D43 /* AppDelegate.swift */,
				383109962481493100333D43 /* SceneDelegate.swift */,
				383109982481493100333D43 /* ViewController.swift */,
				3831099A2481493100333D43 /* Main.storyboard */,
				3831099D2481493200333D43 /* Assets.xcassets */,
				3831099F2481493200333D43 /* LaunchScreen.storyboard */,
				383109A22481493200333D43 /* Info.plist */,
				383109A8248149CF00333D43 /* Article.swift */,
				383109AA24814AA600333D43 /* Source.swift */,
				383109AC24814CCF00333D43 /* NetworkLayer.swift */,
				383109AE24814E9A00333D43 /* Response.swift */,
				383109B02481530F00333D43 /* ListViewController.swift */,
				383109B12481530F00333D43 /* ListViewController.xib */,
				383109B42481551000333D43 /* ListTableViewCell.swift */,
				383109B52481551000333D43 /* ListTableViewCell.xib */,
				383109EC248171EC00333D43 /* HeaderTableViewCell.swift */,
				383109ED248171EC00333D43 /* HeaderTableViewCell.xib */,
			);
			path = NewsApp;
			sourceTree = "<group>";
		};
		62D1601648099C01A9874B41 /* Pods */ = {
			isa = PBXGroup;
			children = (
				73E77CD3591B40F773B184E9 /* Pods-NewsApp.debug.xcconfig */,
				5CDBF439C0B23C492F2D58C7 /* Pods-NewsApp.release.xcconfig */,
			);
			name = Pods;
			path = Pods;
			sourceTree = "<group>";
		};
		DCDD3F679495396A83398E1A /* Frameworks */ = {
			isa = PBXGroup;
			children = (
				D3F592B8B0AD54B0470D9580 /* Pods_NewsApp.framework */,
			);
			name = Frameworks;
			sourceTree = "<group>";
		};
/* End PBXGroup section */

/* Begin PBXNativeTarget section */
		383109902481493100333D43 /* NewsApp */ = {
			isa = PBXNativeTarget;
			buildConfigurationList = 383109A52481493200333D43 /* Build configuration list for PBXNativeTarget "NewsApp" */;
			buildPhases = (
				690515D3645E0261C31AA3F2 /* [CP] Check Pods Manifest.lock */,
				3831098D2481493100333D43 /* Sources */,
				3831098E2481493100333D43 /* Frameworks */,
				3831098F2481493100333D43 /* Resources */,
				59210AEF319AA3E13ED763AF /* [CP] Embed Pods Frameworks */,
			);
			buildRules = (
			);
			dependencies = (
			);
			name = NewsApp;
			productName = NewsApp;
			productReference = 383109912481493100333D43 /* NewsApp.app */;
			productType = "com.apple.product-type.application";
		};
/* End PBXNativeTarget section */

/* Begin PBXProject section */
		383109892481493100333D43 /* Project object */ = {
			isa = PBXProject;
			attributes = {
				LastSwiftUpdateCheck = 1130;
				LastUpgradeCheck = 1130;
				ORGANIZATIONNAME = "Vania Radmila Alfitri";
				TargetAttributes = {
					383109902481493100333D43 = {
						CreatedOnToolsVersion = 11.3.1;
					};
				};
			};
			buildConfigurationList = 3831098C2481493100333D43 /* Build configuration list for PBXProject "NewsApp" */;
			compatibilityVersion = "Xcode 9.3";
			developmentRegion = en;
			hasScannedForEncodings = 0;
			knownRegions = (
				en,
				Base,
			);
			mainGroup = 383109882481493100333D43;
			productRefGroup = 383109922481493100333D43 /* Products */;
			projectDirPath = "";
			projectRoot = "";
			targets = (
				383109902481493100333D43 /* NewsApp */,
			);
		};
/* End PBXProject section */

/* Begin PBXResourcesBuildPhase section */
		3831098F2481493100333D43 /* Resources */ = {
			isa = PBXResourcesBuildPhase;
			buildActionMask = 2147483647;
			files = (
				383109A12481493200333D43 /* LaunchScreen.storyboard in Resources */,
				3831099E2481493200333D43 /* Assets.xcassets in Resources */,
				383109B32481530F00333D43 /* ListViewController.xib in Resources */,
				3831099C2481493100333D43 /* Main.storyboard in Resources */,
				383109EF248171EC00333D43 /* HeaderTableViewCell.xib in Resources */,
				383109B72481551000333D43 /* ListTableViewCell.xib in Resources */,
			);
			runOnlyForDeploymentPostprocessing = 0;
		};
/* End PBXResourcesBuildPhase section */

/* Begin PBXShellScriptBuildPhase section */
		59210AEF319AA3E13ED763AF /* [CP] Embed Pods Frameworks */ = {
			isa = PBXShellScriptBuildPhase;
			buildActionMask = 2147483647;
			files = (
			);
			inputFileListPaths = (
				"${PODS_ROOT}/Target Support Files/Pods-NewsApp/Pods-NewsApp-frameworks-${CONFIGURATION}-input-files.xcfilelist",
			);
			name = "[CP] Embed Pods Frameworks";
			outputFileListPaths = (
				"${PODS_ROOT}/Target Support Files/Pods-NewsApp/Pods-NewsApp-frameworks-${CONFIGURATION}-output-files.xcfilelist",
			);
			runOnlyForDeploymentPostprocessing = 0;
			shellPath = /bin/sh;
			shellScript = "\"${PODS_ROOT}/Target Support Files/Pods-NewsApp/Pods-NewsApp-frameworks.sh\"\n";
			showEnvVarsInLog = 0;
		};
		690515D3645E0261C31AA3F2 /* [CP] Check Pods Manifest.lock */ = {
			isa = PBXShellScriptBuildPhase;
			buildActionMask = 2147483647;
			files = (
			);
			inputFileListPaths = (
			);
			inputPaths = (
				"${PODS_PODFILE_DIR_PATH}/Podfile.lock",
				"${PODS_ROOT}/Manifest.lock",
			);
			name = "[CP] Check Pods Manifest.lock";
			outputFileListPaths = (
			);
			outputPaths = (
				"$(DERIVED_FILE_DIR)/Pods-NewsApp-checkManifestLockResult.txt",
			);
			runOnlyForDeploymentPostprocessing = 0;
			shellPath = /bin/sh;
			shellScript = "diff \"${PODS_PODFILE_DIR_PATH}/Podfile.lock\" \"${PODS_ROOT}/Manifest.lock\" > /dev/null\nif [ $? != 0 ] ; then\n    # print error to STDERR\n    echo \"error: The sandbox is not in sync with the Podfile.lock. Run 'pod install' or update your CocoaPods installation.\" >&2\n    exit 1\nfi\n# This output is used by Xcode 'outputs' to avoid re-running this script phase.\necho \"SUCCESS\" > \"${SCRIPT_OUTPUT_FILE_0}\"\n";
			showEnvVarsInLog = 0;
		};
/* End PBXShellScriptBuildPhase section */

/* Begin PBXSourcesBuildPhase section */
		3831098D2481493100333D43 /* Sources */ = {
			isa = PBXSourcesBuildPhase;
			buildActionMask = 2147483647;
			files = (
				383109AD24814CCF00333D43 /* NetworkLayer.swift in Sources */,
				383109A9248149CF00333D43 /* Article.swift in Sources */,
				383109992481493100333D43 /* ViewController.swift in Sources */,
				383109952481493100333D43 /* AppDelegate.swift in Sources */,
				383109AB24814AA600333D43 /* Source.swift in Sources */,
				383109B62481551000333D43 /* ListTableViewCell.swift in Sources */,
				383109EE248171EC00333D43 /* HeaderTableViewCell.swift in Sources */,
				383109972481493100333D43 /* SceneDelegate.swift in Sources */,
				383109B22481530F00333D43 /* ListViewController.swift in Sources */,
				383109AF24814E9A00333D43 /* Response.swift in Sources */,
			);
			runOnlyForDeploymentPostprocessing = 0;
		};
/* End PBXSourcesBuildPhase section */

/* Begin PBXVariantGroup section */
		3831099A2481493100333D43 /* Main.storyboard */ = {
			isa = PBXVariantGroup;
			children = (
				3831099B2481493100333D43 /* Base */,
			);
			name = Main.storyboard;
			sourceTree = "<group>";
		};
		3831099F2481493200333D43 /* LaunchScreen.storyboard */ = {
			isa = PBXVariantGroup;
			children = (
				383109A02481493200333D43 /* Base */,
			);
			name = LaunchScreen.storyboard;
			sourceTree = "<group>";
		};
/* End PBXVariantGroup section */

/* Begin XCBuildConfiguration section */
		383109A32481493200333D43 /* Debug */ = {
			isa = XCBuildConfiguration;
			buildSettings = {
				ALWAYS_SEARCH_USER_PATHS = NO;
				CLANG_ANALYZER_NONNULL = YES;
				CLANG_ANALYZER_NUMBER_OBJECT_CONVERSION = YES_AGGRESSIVE;
				CLANG_CXX_LANGUAGE_STANDARD = "gnu++14";
				CLANG_CXX_LIBRARY = "libc++";
				CLANG_ENABLE_MODULES = YES;
				CLANG_ENABLE_OBJC_ARC = YES;
				CLANG_ENABLE_OBJC_WEAK = YES;
				CLANG_WARN_BLOCK_CAPTURE_AUTORELEASING = YES;
				CLANG_WARN_BOOL_CONVERSION = YES;
				CLANG_WARN_COMMA = YES;
				CLANG_WARN_CONSTANT_CONVERSION = YES;
				CLANG_WARN_DEPRECATED_OBJC_IMPLEMENTATIONS = YES;
				CLANG_WARN_DIRECT_OBJC_ISA_USAGE = YES_ERROR;
				CLANG_WARN_DOCUMENTATION_COMMENTS = YES;
				CLANG_WARN_EMPTY_BODY = YES;
				CLANG_WARN_ENUM_CONVERSION = YES;
				CLANG_WARN_INFINITE_RECURSION = YES;
				CLANG_WARN_INT_CONVERSION = YES;
				CLANG_WARN_NON_LITERAL_NULL_CONVERSION = YES;
				CLANG_WARN_OBJC_IMPLICIT_RETAIN_SELF = YES;
				CLANG_WARN_OBJC_LITERAL_CONVERSION = YES;
				CLANG_WARN_OBJC_ROOT_CLASS = YES_ERROR;
				CLANG_WARN_RANGE_LOOP_ANALYSIS = YES;
				CLANG_WARN_STRICT_PROTOTYPES = YES;
				CLANG_WARN_SUSPICIOUS_MOVE = YES;
				CLANG_WARN_UNGUARDED_AVAILABILITY = YES_AGGRESSIVE;
				CLANG_WARN_UNREACHABLE_CODE = YES;
				CLANG_WARN__DUPLICATE_METHOD_MATCH = YES;
				COPY_PHASE_STRIP = NO;
				DEBUG_INFORMATION_FORMAT = dwarf;
				ENABLE_STRICT_OBJC_MSGSEND = YES;
				ENABLE_TESTABILITY = YES;
				GCC_C_LANGUAGE_STANDARD = gnu11;
				GCC_DYNAMIC_NO_PIC = NO;
				GCC_NO_COMMON_BLOCKS = YES;
				GCC_OPTIMIZATION_LEVEL = 0;
				GCC_PREPROCESSOR_DEFINITIONS = (
					"DEBUG=1",
					"$(inherited)",
				);
				GCC_WARN_64_TO_32_BIT_CONVERSION = YES;
				GCC_WARN_ABOUT_RETURN_TYPE = YES_ERROR;
				GCC_WARN_UNDECLARED_SELECTOR = YES;
				GCC_WARN_UNINITIALIZED_AUTOS = YES_AGGRESSIVE;
				GCC_WARN_UNUSED_FUNCTION = YES;
				GCC_WARN_UNUSED_VARIABLE = YES;
				IPHONEOS_DEPLOYMENT_TARGET = 13.2;
				MTL_ENABLE_DEBUG_INFO = INCLUDE_SOURCE;
				MTL_FAST_MATH = YES;
				ONLY_ACTIVE_ARCH = YES;
				SDKROOT = iphoneos;
				SWIFT_ACTIVE_COMPILATION_CONDITIONS = DEBUG;
				SWIFT_OPTIMIZATION_LEVEL = "-Onone";
			};
			name = Debug;
		};
		383109A42481493200333D43 /* Release */ = {
			isa = XCBuildConfiguration;
			buildSettings = {
				ALWAYS_SEARCH_USER_PATHS = NO;
				CLANG_ANALYZER_NONNULL = YES;
				CLANG_ANALYZER_NUMBER_OBJECT_CONVERSION = YES_AGGRESSIVE;
				CLANG_CXX_LANGUAGE_STANDARD = "gnu++14";
				CLANG_CXX_LIBRARY = "libc++";
				CLANG_ENABLE_MODULES = YES;
				CLANG_ENABLE_OBJC_ARC = YES;
				CLANG_ENABLE_OBJC_WEAK = YES;
				CLANG_WARN_BLOCK_CAPTURE_AUTORELEASING = YES;
				CLANG_WARN_BOOL_CONVERSION = YES;
				CLANG_WARN_COMMA = YES;
				CLANG_WARN_CONSTANT_CONVERSION = YES;
				CLANG_WARN_DEPRECATED_OBJC_IMPLEMENTATIONS = YES;
				CLANG_WARN_DIRECT_OBJC_ISA_USAGE = YES_ERROR;
				CLANG_WARN_DOCUMENTATION_COMMENTS = YES;
				CLANG_WARN_EMPTY_BODY = YES;
				CLANG_WARN_ENUM_CONVERSION = YES;
				CLANG_WARN_INFINITE_RECURSION = YES;
				CLANG_WARN_INT_CONVERSION = YES;
				CLANG_WARN_NON_LITERAL_NULL_CONVERSION = YES;
				CLANG_WARN_OBJC_IMPLICIT_RETAIN_SELF = YES;
				CLANG_WARN_OBJC_LITERAL_CONVERSION = YES;
				CLANG_WARN_OBJC_ROOT_CLASS = YES_ERROR;
				CLANG_WARN_RANGE_LOOP_ANALYSIS = YES;
				CLANG_WARN_STRICT_PROTOTYPES = YES;
				CLANG_WARN_SUSPICIOUS_MOVE = YES;
				CLANG_WARN_UNGUARDED_AVAILABILITY = YES_AGGRESSIVE;
				CLANG_WARN_UNREACHABLE_CODE = YES;
				CLANG_WARN__DUPLICATE_METHOD_MATCH = YES;
				COPY_PHASE_STRIP = NO;
				DEBUG_INFORMATION_FORMAT = "dwarf-with-dsym";
				ENABLE_NS_ASSERTIONS = NO;
				ENABLE_STRICT_OBJC_MSGSEND = YES;
				GCC_C_LANGUAGE_STANDARD = gnu11;
				GCC_NO_COMMON_BLOCKS = YES;
				GCC_WARN_64_TO_32_BIT_CONVERSION = YES;
				GCC_WARN_ABOUT_RETURN_TYPE = YES_ERROR;
				GCC_WARN_UNDECLARED_SELECTOR = YES;
				GCC_WARN_UNINITIALIZED_AUTOS = YES_AGGRESSIVE;
				GCC_WARN_UNUSED_FUNCTION = YES;
				GCC_WARN_UNUSED_VARIABLE = YES;
				IPHONEOS_DEPLOYMENT_TARGET = 13.2;
				MTL_ENABLE_DEBUG_INFO = NO;
				MTL_FAST_MATH = YES;
				SDKROOT = iphoneos;
				SWIFT_COMPILATION_MODE = wholemodule;
				SWIFT_OPTIMIZATION_LEVEL = "-O";
				VALIDATE_PRODUCT = YES;
			};
			name = Release;
		};
		383109A62481493200333D43 /* Debug */ = {
			isa = XCBuildConfiguration;
			baseConfigurationReference = 73E77CD3591B40F773B184E9 /* Pods-NewsApp.debug.xcconfig */;
			buildSettings = {
				ASSETCATALOG_COMPILER_APPICON_NAME = AppIcon;
				CODE_SIGN_STYLE = Automatic;
				DEVELOPMENT_TEAM = D6ZFFGJQCK;
				INFOPLIST_FILE = NewsApp/Info.plist;
				IPHONEOS_DEPLOYMENT_TARGET = 13.2;
				LD_RUNPATH_SEARCH_PATHS = (
					"$(inherited)",
					"@executable_path/Frameworks",
				);
				PRODUCT_BUNDLE_IDENTIFIER = com.mila.NewsApp;
				PRODUCT_NAME = "$(TARGET_NAME)";
				SWIFT_VERSION = 5.0;
				TARGETED_DEVICE_FAMILY = "1,2";
			};
			name = Debug;
		};
		383109A72481493200333D43 /* Release */ = {
			isa = XCBuildConfiguration;
			baseConfigurationReference = 5CDBF439C0B23C492F2D58C7 /* Pods-NewsApp.release.xcconfig */;
			buildSettings = {
				ASSETCATALOG_COMPILER_APPICON_NAME = AppIcon;
				CODE_SIGN_STYLE = Automatic;
				DEVELOPMENT_TEAM = D6ZFFGJQCK;
				INFOPLIST_FILE = NewsApp/Info.plist;
				IPHONEOS_DEPLOYMENT_TARGET = 13.2;
				LD_RUNPATH_SEARCH_PATHS = (
					"$(inherited)",
					"@executable_path/Frameworks",
				);
				PRODUCT_BUNDLE_IDENTIFIER = com.mila.NewsApp;
				PRODUCT_NAME = "$(TARGET_NAME)";
				SWIFT_VERSION = 5.0;
				TARGETED_DEVICE_FAMILY = "1,2";
			};
			name = Release;
		};
/* End XCBuildConfiguration section */

/* Begin XCConfigurationList section */
		3831098C2481493100333D43 /* Build configuration list for PBXProject "NewsApp" */ = {
			isa = XCConfigurationList;
			buildConfigurations = (
				383109A32481493200333D43 /* Debug */,
				383109A42481493200333D43 /* Release */,
			);
			defaultConfigurationIsVisible = 0;
			defaultConfigurationName = Release;
		};
		383109A52481493200333D43 /* Build configuration list for PBXNativeTarget "NewsApp" */ = {
			isa = XCConfigurationList;
			buildConfigurations = (
				383109A62481493200333D43 /* Debug */,
				383109A72481493200333D43 /* Release */,
			);
			defaultConfigurationIsVisible = 0;
			defaultConfigurationName = Release;
		};
/* End XCConfigurationList section */
	};
	rootObject = 383109892481493100333D43 /* Project object */;
}
